
Microsoft Visual Studio Solution File, Format Version 12.00
# Visual Studio Version 16
VisualStudioVersion = 16.0.29926.136
MinimumVisualStudioVersion = 10.0.40219.1
Project("{F184B08F-C81C-45F6-A57F-5ABD9991F28F}") = "cil-shipments", "cil-shipments\cil-shipments.vbproj", "{458C5385-4EFF-491E-B06F-4E1F286952CB}"
EndProject
Global
	GlobalSection(SolutionConfigurationPlatforms) = preSolution
		Debug|Any CPU = Debug|Any CPU
		Release|Any CPU = Release|Any CPU
	EndGlobalSection
	GlobalSection(ProjectConfigurationPlatforms) = postSolution
		{458C5385-4EFF-491E-B06F-4E1F286952CB}.Debug|Any CPU.ActiveCfg = Debug|Any CPU
		{458C5385-4EFF-491E-B06F-4E1F286952CB}.Debug|Any CPU.Build.0 = Debug|Any CPU
		{458C5385-4EFF-491E-B06F-4E1F286952CB}.Release|Any CPU.ActiveCfg = Release|Any CPU
		{458C5385-4EFF-491E-B06F-4E1F286952CB}.Release|Any CPU.Build.0 = Release|Any CPU
	EndGlobalSection
	GlobalSection(SolutionProperties) = preSolution
		HideSolutionNode = FALSE
	EndGlobalSection
	GlobalSection(ExtensibilityGlobals) = postSolution
		SolutionGuid = {C1A0B7FE-96B3-463F-8A61-F9847C7ECC2E}
	EndGlobalSection
EndGlobal
